
Microsoft Visual Studio Solution File, Format Version 12.00
# Visual Studio Version 17
VisualStudioVersion = 17.14.36310.24 d17.14
MinimumVisualStudioVersion = 10.0.40219.1
Project("{FAE04EC0-301F-11D3-BF4B-00C04F79EFBC}") = "operators", "operators\operators.csproj", "{CEC3C961-0AAB-44D9-BC89-BFD83DC89C7D}"
EndProject
Global
	GlobalSection(SolutionConfigurationPlatforms) = preSolution
		Debug|Any CPU = Debug|Any CPU
		Release|Any CPU = Release|Any CPU
	EndGlobalSection
	GlobalSection(ProjectConfigurationPlatforms) = postSolution
		{CEC3C961-0AAB-44D9-BC89-BFD83DC89C7D}.Debug|Any CPU.ActiveCfg = Debug|Any CPU
		{CEC3C961-0AAB-44D9-BC89-BFD83DC89C7D}.Debug|Any CPU.Build.0 = Debug|Any CPU
		{CEC3C961-0AAB-44D9-BC89-BFD83DC89C7D}.Release|Any CPU.ActiveCfg = Release|Any CPU
		{CEC3C961-0AAB-44D9-BC89-BFD83DC89C7D}.Release|Any CPU.Build.0 = Release|Any CPU
	EndGlobalSection
	GlobalSection(SolutionProperties) = preSolution
		HideSolutionNode = FALSE
	EndGlobalSection
	GlobalSection(ExtensibilityGlobals) = postSolution
		SolutionGuid = {D898A0A9-29A8-4CEC-98C0-1DBA8A3E6BA5}
	EndGlobalSection
EndGlobal
